
Microsoft Visual Studio Solution File, Format Version 12.00
# Visual Studio Version 16
VisualStudioVersion = 16.0.29920.165
MinimumVisualStudioVersion = 10.0.40219.1
Project("{FAE04EC0-301F-11D3-BF4B-00C04F79EFBC}") = "UltimateQAAutomation", "UltimateQAAutomation\UltimateQAAutomation.csproj", "{22E27E8C-0E56-4378-BD77-93ABC93E26D6}"
EndProject
Global
	GlobalSection(SolutionConfigurationPlatforms) = preSolution
		Debug|Any CPU = Debug|Any CPU
		Release|Any CPU = Release|Any CPU
	EndGlobalSection
	GlobalSection(ProjectConfigurationPlatforms) = postSolution
		{22E27E8C-0E56-4378-BD77-93ABC93E26D6}.Debug|Any CPU.ActiveCfg = Debug|Any CPU
		{22E27E8C-0E56-4378-BD77-93ABC93E26D6}.Debug|Any CPU.Build.0 = Debug|Any CPU
		{22E27E8C-0E56-4378-BD77-93ABC93E26D6}.Release|Any CPU.ActiveCfg = Release|Any CPU
		{22E27E8C-0E56-4378-BD77-93ABC93E26D6}.Release|Any CPU.Build.0 = Release|Any CPU
	EndGlobalSection
	GlobalSection(SolutionProperties) = preSolution
		HideSolutionNode = FALSE
	EndGlobalSection
	GlobalSection(ExtensibilityGlobals) = postSolution
		SolutionGuid = {2A0D730E-DABE-437C-8ADD-1B9D3D031DA5}
	EndGlobalSection
EndGlobal
